
Microsoft Visual Studio Solution File, Format Version 12.00
# Visual Studio Version 17
VisualStudioVersion = 17.6.33815.320
MinimumVisualStudioVersion = 10.0.40219.1
Project("{FAE04EC0-301F-11D3-BF4B-00C04F79EFBC}") = "Baitap2", "Baitap2\Baitap2.csproj", "{53222E42-7B67-4D3B-9A57-5B073E308873}"
EndProject
Global
	GlobalSection(SolutionConfigurationPlatforms) = preSolution
		Debug|Any CPU = Debug|Any CPU
		Release|Any CPU = Release|Any CPU
	EndGlobalSection
	GlobalSection(ProjectConfigurationPlatforms) = postSolution
		{53222E42-7B67-4D3B-9A57-5B073E308873}.Debug|Any CPU.ActiveCfg = Debug|Any CPU
		{53222E42-7B67-4D3B-9A57-5B073E308873}.Debug|Any CPU.Build.0 = Debug|Any CPU
		{53222E42-7B67-4D3B-9A57-5B073E308873}.Release|Any CPU.ActiveCfg = Release|Any CPU
		{53222E42-7B67-4D3B-9A57-5B073E308873}.Release|Any CPU.Build.0 = Release|Any CPU
	EndGlobalSection
	GlobalSection(SolutionProperties) = preSolution
		HideSolutionNode = FALSE
	EndGlobalSection
	GlobalSection(ExtensibilityGlobals) = postSolution
		SolutionGuid = {F29DF73B-C355-4D0A-B084-5D8AEF01E40E}
	EndGlobalSection
EndGlobal
